
Microsoft Visual Studio Solution File, Format Version 12.00
# Visual Studio Version 16
VisualStudioVersion = 16.0.30611.23
MinimumVisualStudioVersion = 10.0.40219.1
Project("{9A19103F-16F7-4668-BE54-9A1E7A4F7556}") = "Robson.Domain", "Robson.Domain\Robson.Domain.csproj", "{CF836C32-4558-4AFF-B0A9-84014A07897F}"
EndProject
Project("{9A19103F-16F7-4668-BE54-9A1E7A4F7556}") = "Robson.Testes", "Robson.Testes\Robson.Testes.csproj", "{990F79F3-2D69-444C-A0EA-EEB8A424B0C6}"
EndProject
Project("{9A19103F-16F7-4668-BE54-9A1E7A4F7556}") = "Robson.Repository", "Robson.Repository\Robson.Repository.csproj", "{0687311D-669D-4698-916C-73C5AB6C775F}"
EndProject
Global
	GlobalSection(SolutionConfigurationPlatforms) = preSolution
		Debug|Any CPU = Debug|Any CPU
		Debug|x64 = Debug|x64
		Release|Any CPU = Release|Any CPU
		Release|x64 = Release|x64
	EndGlobalSection
	GlobalSection(ProjectConfigurationPlatforms) = postSolution
		{CF836C32-4558-4AFF-B0A9-84014A07897F}.Debug|Any CPU.ActiveCfg = Debug|Any CPU
		{CF836C32-4558-4AFF-B0A9-84014A07897F}.Debug|Any CPU.Build.0 = Debug|Any CPU
		{CF836C32-4558-4AFF-B0A9-84014A07897F}.Debug|x64.ActiveCfg = Debug|x64
		{CF836C32-4558-4AFF-B0A9-84014A07897F}.Debug|x64.Build.0 = Debug|x64
		{CF836C32-4558-4AFF-B0A9-84014A07897F}.Release|Any CPU.ActiveCfg = Release|Any CPU
		{CF836C32-4558-4AFF-B0A9-84014A07897F}.Release|Any CPU.Build.0 = Release|Any CPU
		{CF836C32-4558-4AFF-B0A9-84014A07897F}.Release|x64.ActiveCfg = Release|x64
		{CF836C32-4558-4AFF-B0A9-84014A07897F}.Release|x64.Build.0 = Release|x64
		{990F79F3-2D69-444C-A0EA-EEB8A424B0C6}.Debug|Any CPU.ActiveCfg = Debug|Any CPU
		{990F79F3-2D69-444C-A0EA-EEB8A424B0C6}.Debug|Any CPU.Build.0 = Debug|Any CPU
		{990F79F3-2D69-444C-A0EA-EEB8A424B0C6}.Debug|x64.ActiveCfg = Debug|x64
		{990F79F3-2D69-444C-A0EA-EEB8A424B0C6}.Debug|x64.Build.0 = Debug|x64
		{990F79F3-2D69-444C-A0EA-EEB8A424B0C6}.Release|Any CPU.ActiveCfg = Release|Any CPU
		{990F79F3-2D69-444C-A0EA-EEB8A424B0C6}.Release|Any CPU.Build.0 = Release|Any CPU
		{990F79F3-2D69-444C-A0EA-EEB8A424B0C6}.Release|x64.ActiveCfg = Release|x64
		{990F79F3-2D69-444C-A0EA-EEB8A424B0C6}.Release|x64.Build.0 = Release|x64
		{0687311D-669D-4698-916C-73C5AB6C775F}.Debug|Any CPU.ActiveCfg = Debug|Any CPU
		{0687311D-669D-4698-916C-73C5AB6C775F}.Debug|Any CPU.Build.0 = Debug|Any CPU
		{0687311D-669D-4698-916C-73C5AB6C775F}.Debug|x64.ActiveCfg = Debug|x64
		{0687311D-669D-4698-916C-73C5AB6C775F}.Debug|x64.Build.0 = Debug|x64
		{0687311D-669D-4698-916C-73C5AB6C775F}.Release|Any CPU.ActiveCfg = Release|Any CPU
		{0687311D-669D-4698-916C-73C5AB6C775F}.Release|Any CPU.Build.0 = Release|Any CPU
		{0687311D-669D-4698-916C-73C5AB6C775F}.Release|x64.ActiveCfg = Release|x64
		{0687311D-669D-4698-916C-73C5AB6C775F}.Release|x64.Build.0 = Release|x64
	EndGlobalSection
	GlobalSection(SolutionProperties) = preSolution
		HideSolutionNode = FALSE
	EndGlobalSection
	GlobalSection(ExtensibilityGlobals) = postSolution
		SolutionGuid = {5356AAE4-C2B0-4D45-9317-E5C1E2DA0C63}
	EndGlobalSection
EndGlobal
